
Microsoft Visual Studio Solution File, Format Version 12.00
# Visual Studio 15
VisualStudioVersion = 15.0.27703.2000
MinimumVisualStudioVersion = 10.0.40219.1
Project("{FAE04EC0-301F-11D3-BF4B-00C04F79EFBC}") = "chewbea", "chewbea\chewbea.csproj", "{B9539EDB-74CE-4BC8-9153-A9ACBA2F13E8}"
EndProject
Global
	GlobalSection(SolutionConfigurationPlatforms) = preSolution
		Debug|Any CPU = Debug|Any CPU
		Release|Any CPU = Release|Any CPU
	EndGlobalSection
	GlobalSection(ProjectConfigurationPlatforms) = postSolution
		{B9539EDB-74CE-4BC8-9153-A9ACBA2F13E8}.Debug|Any CPU.ActiveCfg = Debug|Any CPU
		{B9539EDB-74CE-4BC8-9153-A9ACBA2F13E8}.Debug|Any CPU.Build.0 = Debug|Any CPU
		{B9539EDB-74CE-4BC8-9153-A9ACBA2F13E8}.Release|Any CPU.ActiveCfg = Release|Any CPU
		{B9539EDB-74CE-4BC8-9153-A9ACBA2F13E8}.Release|Any CPU.Build.0 = Release|Any CPU
	EndGlobalSection
	GlobalSection(SolutionProperties) = preSolution
		HideSolutionNode = FALSE
	EndGlobalSection
	GlobalSection(ExtensibilityGlobals) = postSolution
		SolutionGuid = {284D0BA4-B99E-463E-B40A-4482F445B5CC}
	EndGlobalSection
EndGlobal
